
Microsoft Visual Studio Solution File, Format Version 11.00
# Visual Studio 2010
Project("{FAE04EC0-301F-11D3-BF4B-00C04F79EFBC}") = "Unity.Timeline", "Unity.Timeline.csproj", "{2839f2d0-0b77-dde5-7e46-280c3ba6a771}"
EndProject
Project("{FAE04EC0-301F-11D3-BF4B-00C04F79EFBC}") = "Unity.VisualScripting.Flow", "Unity.VisualScripting.Flow.csproj", "{10b9e6ac-646e-19fc-a88c-80f80828517c}"
EndProject
Project("{FAE04EC0-301F-11D3-BF4B-00C04F79EFBC}") = "Unity.Timeline.Editor", "Unity.Timeline.Editor.csproj", "{cf3130a2-9d05-afd9-ed4b-e37d9888d0fb}"
EndProject
Project("{FAE04EC0-301F-11D3-BF4B-00C04F79EFBC}") = "Unity.PlasticSCM.Editor", "Unity.PlasticSCM.Editor.csproj", "{0df982a8-56e4-29ec-f9ba-565fcc4902c0}"
EndProject
Project("{FAE04EC0-301F-11D3-BF4B-00C04F79EFBC}") = "Unity.Mathematics", "Unity.Mathematics.csproj", "{b8395c9e-f04c-cc5a-5d9b-fb100d060464}"
EndProject
Project("{FAE04EC0-301F-11D3-BF4B-00C04F79EFBC}") = "Unity.VisualScripting.Core.Editor", "Unity.VisualScripting.Core.Editor.csproj", "{7a49b065-af07-289a-5e2e-cfa36ebe3bf9}"
EndProject
Project("{FAE04EC0-301F-11D3-BF4B-00C04F79EFBC}") = "UnityEngine.UI", "UnityEngine.UI.csproj", "{3b3665d4-7e94-6dd8-b003-7a69e93dedd8}"
EndProject
Project("{FAE04EC0-301F-11D3-BF4B-00C04F79EFBC}") = "UnityEditor.TestRunner", "UnityEditor.TestRunner.csproj", "{898a5359-568a-05a9-c8ac-b61bd90b6811}"
EndProject
Project("{FAE04EC0-301F-11D3-BF4B-00C04F79EFBC}") = "UnityEngine.TestRunner", "UnityEngine.TestRunner.csproj", "{ee78a8b9-d06f-8fc9-39d3-29f439bbb469}"
EndProject
Project("{FAE04EC0-301F-11D3-BF4B-00C04F79EFBC}") = "Unity.VisualScripting.Core", "Unity.VisualScripting.Core.csproj", "{b9fbd9c2-aeb6-711d-16ed-a5551e279d45}"
EndProject
Project("{FAE04EC0-301F-11D3-BF4B-00C04F79EFBC}") = "Unity.VisualScripting.Flow.Editor", "Unity.VisualScripting.Flow.Editor.csproj", "{1ad555b5-52b4-254d-a20f-94667eeb1393}"
EndProject
Project("{FAE04EC0-301F-11D3-BF4B-00C04F79EFBC}") = "Unity.AI.Navigation.Editor", "Unity.AI.Navigation.Editor.csproj", "{e9d7e59e-d2c5-cae8-beb3-592d80892fb8}"
EndProject
Project("{FAE04EC0-301F-11D3-BF4B-00C04F79EFBC}") = "Unity.VisualStudio.Editor", "Unity.VisualStudio.Editor.csproj", "{9a4a0ebe-e0be-b736-a4f8-10a404fa1c5a}"
EndProject
Project("{FAE04EC0-301F-11D3-BF4B-00C04F79EFBC}") = "Unity.TextMeshPro.Editor", "Unity.TextMeshPro.Editor.csproj", "{9fcba564-889c-5f3c-9a25-edc548ba16c0}"
EndProject
Project("{FAE04EC0-301F-11D3-BF4B-00C04F79EFBC}") = "Unity.TestTools.CodeCoverage.Editor.OpenCover.Model", "Unity.TestTools.CodeCoverage.Editor.OpenCover.Model.csproj", "{56167cc8-b851-ed9c-0cdf-1519771cfd0d}"
EndProject
Project("{FAE04EC0-301F-11D3-BF4B-00C04F79EFBC}") = "Unity.Rider.Editor", "Unity.Rider.Editor.csproj", "{375a2bc3-0d4d-662f-edfc-96764e814cfa}"
EndProject
Project("{FAE04EC0-301F-11D3-BF4B-00C04F79EFBC}") = "NativeFilePicker.Runtime", "NativeFilePicker.Runtime.csproj", "{5678e29c-9a84-beee-738a-7c7ad027934b}"
EndProject
Project("{FAE04EC0-301F-11D3-BF4B-00C04F79EFBC}") = "Unity.AI.Navigation.Editor.ConversionSystem", "Unity.AI.Navigation.Editor.ConversionSystem.csproj", "{015dfe74-eb01-3869-d045-8c94b11f5de4}"
EndProject
Project("{FAE04EC0-301F-11D3-BF4B-00C04F79EFBC}") = "Unity.VisualScripting.State.Editor", "Unity.VisualScripting.State.Editor.csproj", "{86a25500-0dd1-ee82-54d5-23e2400b9c70}"
EndProject
Project("{FAE04EC0-301F-11D3-BF4B-00C04F79EFBC}") = "Unity.TestTools.CodeCoverage.Editor", "Unity.TestTools.CodeCoverage.Editor.csproj", "{6033048e-d7c7-1db0-fd68-8cd281ff768a}"
EndProject
Project("{FAE04EC0-301F-11D3-BF4B-00C04F79EFBC}") = "ru.vortex.logger", "ru.vortex.logger.csproj", "{aae4e12d-2bb4-70b7-a3e4-5a0ae1f288a8}"
EndProject
Project("{FAE04EC0-301F-11D3-BF4B-00C04F79EFBC}") = "Unity.AI.Navigation", "Unity.AI.Navigation.csproj", "{63b45e21-e70b-ccfa-27e5-c5b04e09cf5c}"
EndProject
Project("{FAE04EC0-301F-11D3-BF4B-00C04F79EFBC}") = "Unity.VisualScripting.State", "Unity.VisualScripting.State.csproj", "{bca0a5c1-9aa3-ae6d-23af-c90e81c4e496}"
EndProject
Project("{FAE04EC0-301F-11D3-BF4B-00C04F79EFBC}") = "IngameDebugConsole.Runtime", "IngameDebugConsole.Runtime.csproj", "{3381abcb-048c-ec20-4bbd-0ab79c672a1a}"
EndProject
Project("{FAE04EC0-301F-11D3-BF4B-00C04F79EFBC}") = "Unity.Performance.Profile-Analyzer.Editor", "Unity.Performance.Profile-Analyzer.Editor.csproj", "{60a6454a-4eab-a235-b465-f125839e1b55}"
EndProject
Project("{FAE04EC0-301F-11D3-BF4B-00C04F79EFBC}") = "ru.vortex.unity.ui", "ru.vortex.unity.ui.csproj", "{22ca735b-1d3a-ff30-bece-8a25d292b962}"
EndProject
Project("{FAE04EC0-301F-11D3-BF4B-00C04F79EFBC}") = "UnityEditor.UI", "UnityEditor.UI.csproj", "{3cb1166f-407e-33e9-f702-9b95036ee3f8}"
EndProject
Project("{FAE04EC0-301F-11D3-BF4B-00C04F79EFBC}") = "Unity.TextMeshPro", "Unity.TextMeshPro.csproj", "{dcce37f6-6b50-99eb-79e3-e507035be0de}"
EndProject
Project("{FAE04EC0-301F-11D3-BF4B-00C04F79EFBC}") = "Unity.VisualScripting.SettingsProvider.Editor", "Unity.VisualScripting.SettingsProvider.Editor.csproj", "{3c8f8775-0624-3e70-0e58-de1d9ea8d437}"
EndProject
Project("{FAE04EC0-301F-11D3-BF4B-00C04F79EFBC}") = "Unity.TestTools.CodeCoverage.Editor.OpenCover.Mono.Reflection", "Unity.TestTools.CodeCoverage.Editor.OpenCover.Mono.Reflection.csproj", "{6d647e50-076c-86ea-87ba-7f0ca6491a60}"
EndProject
Project("{FAE04EC0-301F-11D3-BF4B-00C04F79EFBC}") = "Unity.AI.Navigation.Updater", "Unity.AI.Navigation.Updater.csproj", "{84fce99c-a732-2a7c-210d-48c7573378e0}"
EndProject
Project("{FAE04EC0-301F-11D3-BF4B-00C04F79EFBC}") = "DOTween.Modules", "DOTween.Modules.csproj", "{29797d2f-5e69-59e6-9104-33d4c8e4ed79}"
EndProject
Project("{FAE04EC0-301F-11D3-BF4B-00C04F79EFBC}") = "ru.vortex.core", "ru.vortex.core.csproj", "{6d3800ab-0598-acec-4bf2-293842745fee}"
EndProject
Project("{FAE04EC0-301F-11D3-BF4B-00C04F79EFBC}") = "ru.vortex.unity.settings", "ru.vortex.unity.settings.csproj", "{93fc70c0-185c-afb8-f583-9a0e99acbc4c}"
EndProject
Project("{FAE04EC0-301F-11D3-BF4B-00C04F79EFBC}") = "Unity.Settings.Editor", "Unity.Settings.Editor.csproj", "{4aeee592-1e5d-f1db-982a-7557fb0f8df1}"
EndProject
Project("{FAE04EC0-301F-11D3-BF4B-00C04F79EFBC}") = "ru.vortex.unity.app", "ru.vortex.unity.app.csproj", "{c267cf4c-3306-423d-116a-ed4b373aeae8}"
EndProject
Project("{FAE04EC0-301F-11D3-BF4B-00C04F79EFBC}") = "ui.vortex.unity.components", "ui.vortex.unity.components.csproj", "{01010bed-e53c-bd64-3d71-50f408d0e7ec}"
EndProject
Project("{FAE04EC0-301F-11D3-BF4B-00C04F79EFBC}") = "ru.vortex.chains", "ru.vortex.chains.csproj", "{ec6906ee-927e-6de1-cb2d-e1de40cfa8ef}"
EndProject
Project("{FAE04EC0-301F-11D3-BF4B-00C04F79EFBC}") = "ru.vortex.database", "ru.vortex.database.csproj", "{5b6cc104-e8af-4539-c079-1df556231897}"
EndProject
Project("{FAE04EC0-301F-11D3-BF4B-00C04F79EFBC}") = "NativeFilePicker.Editor", "NativeFilePicker.Editor.csproj", "{2ed063c6-52c7-230c-0bb0-f89db33e2569}"
EndProject
Project("{FAE04EC0-301F-11D3-BF4B-00C04F79EFBC}") = "ru.vortex.unity.chains", "ru.vortex.unity.chains.csproj", "{4d6ae334-870a-f99d-137c-528f105c56b1}"
EndProject
Project("{FAE04EC0-301F-11D3-BF4B-00C04F79EFBC}") = "ru.vortex.extensions", "ru.vortex.extensions.csproj", "{3140bec0-693c-f8e9-77c2-5c63a2906661}"
EndProject
Project("{FAE04EC0-301F-11D3-BF4B-00C04F79EFBC}") = "Unity.Mathematics.Editor", "Unity.Mathematics.Editor.csproj", "{263a0b4a-cc6a-e6c5-5ff7-79f94a8cade6}"
EndProject
Project("{FAE04EC0-301F-11D3-BF4B-00C04F79EFBC}") = "IngameDebugConsole.Editor", "IngameDebugConsole.Editor.csproj", "{2a251bb2-885e-ab43-8914-d5372142a82c}"
EndProject
Project("{FAE04EC0-301F-11D3-BF4B-00C04F79EFBC}") = "ru.vortex.unity.database", "ru.vortex.unity.database.csproj", "{281cd49d-7e3f-25f2-efb2-ac67236238ca}"
EndProject
Project("{FAE04EC0-301F-11D3-BF4B-00C04F79EFBC}") = "ru.vortex.ui", "ru.vortex.ui.csproj", "{30533842-8b2d-eeb7-61e6-09edcab9e9ea}"
EndProject
Project("{FAE04EC0-301F-11D3-BF4B-00C04F79EFBC}") = "ru.vortex.settings", "ru.vortex.settings.csproj", "{830ec52b-b913-393b-1384-517338f11f7f}"
EndProject
Project("{FAE04EC0-301F-11D3-BF4B-00C04F79EFBC}") = "Unity.VisualScripting.Shared.Editor", "Unity.VisualScripting.Shared.Editor.csproj", "{8e739288-e19c-447e-2195-314b2f915cdc}"
EndProject
Project("{FAE04EC0-301F-11D3-BF4B-00C04F79EFBC}") = "ru.vortex.extensions.editor", "ru.vortex.extensions.editor.csproj", "{6547714a-c23e-fbb4-5c99-68e1b6895067}"
EndProject
Project("{FAE04EC0-301F-11D3-BF4B-00C04F79EFBC}") = "Unity.EditorCoroutines.Editor", "Unity.EditorCoroutines.Editor.csproj", "{1e79b935-18c5-b708-dc61-e1e2a4c0bd87}"
EndProject
Project("{FAE04EC0-301F-11D3-BF4B-00C04F79EFBC}") = "Assembly-CSharp", "Assembly-CSharp.csproj", "{533fea39-3010-8db7-c95d-3da10a2de00f}"
EndProject
Project("{FAE04EC0-301F-11D3-BF4B-00C04F79EFBC}") = "Assembly-CSharp-firstpass", "Assembly-CSharp-firstpass.csproj", "{38f6853d-aca1-0b7e-e3b2-204ffc87e78a}"
EndProject
Project("{FAE04EC0-301F-11D3-BF4B-00C04F79EFBC}") = "ru.vortex.unity.fileio", "ru.vortex.unity.fileio.csproj", "{36b4069e-589e-be49-cbe3-6cf7a9800e16}"
EndProject
Project("{FAE04EC0-301F-11D3-BF4B-00C04F79EFBC}") = "Unity.CollabProxy.Editor", "Unity.CollabProxy.Editor.csproj", "{5481c920-7368-a423-dd4c-df149054d758}"
EndProject
Project("{FAE04EC0-301F-11D3-BF4B-00C04F79EFBC}") = "Sirenix.OdinInspector.Modules.UnityMathematics", "Sirenix.OdinInspector.Modules.UnityMathematics.csproj", "{e5873e21-22dc-bd25-505d-1c1f744e9c83}"
EndProject
Project("{FAE04EC0-301F-11D3-BF4B-00C04F79EFBC}") = "Assembly-CSharp-Editor", "Assembly-CSharp-Editor.csproj", "{1573aeeb-9c0e-f5bc-9411-d49f1562df1b}"
EndProject
Project("{FAE04EC0-301F-11D3-BF4B-00C04F79EFBC}") = "Unity.Mathematics.Tests", "Unity.Mathematics.Tests.csproj", "{056781bb-4317-10ca-03f7-5c49adaebb4f}"
EndProject
Project("{FAE04EC0-301F-11D3-BF4B-00C04F79EFBC}") = "Unity.AI.Navigation.Tests", "Unity.AI.Navigation.Tests.csproj", "{c724166d-d5b2-cfba-8ab6-de23210aee75}"
EndProject
Project("{FAE04EC0-301F-11D3-BF4B-00C04F79EFBC}") = "Unity.TestTools.CodeCoverage.Editor.Compatibility", "Unity.TestTools.CodeCoverage.Editor.Compatibility.csproj", "{5ea347b0-81ae-6dbc-1c46-74ef75011da6}"
EndProject
Project("{FAE04EC0-301F-11D3-BF4B-00C04F79EFBC}") = "Unity.TextMeshPro.Editor.Tests", "Unity.TextMeshPro.Editor.Tests.csproj", "{49a47da2-d0a1-f476-fc5c-b4b65eca73f5}"
EndProject
Project("{FAE04EC0-301F-11D3-BF4B-00C04F79EFBC}") = "DocCodeExamples", "DocCodeExamples.csproj", "{09b640ae-6794-a7f4-3417-8b355751746d}"
EndProject
Project("{FAE04EC0-301F-11D3-BF4B-00C04F79EFBC}") = "Unity.Performance.Profile-Analyzer.EditorTests", "Unity.Performance.Profile-Analyzer.EditorTests.csproj", "{18edc6bd-95ab-fbc0-ac1c-015e44a73798}"
EndProject
Project("{FAE04EC0-301F-11D3-BF4B-00C04F79EFBC}") = "Unity.AI.Navigation.LegacyOffMeshLink.Tests", "Unity.AI.Navigation.LegacyOffMeshLink.Tests.csproj", "{a31c00be-c1fb-0c0b-2db1-6d88cf1cdd7a}"
EndProject
Project("{FAE04EC0-301F-11D3-BF4B-00C04F79EFBC}") = "Unity.Settings.Tests", "Unity.Settings.Tests.csproj", "{159ecb1a-e4e6-c4eb-d3dd-340cb03391c6}"
EndProject
Project("{FAE04EC0-301F-11D3-BF4B-00C04F79EFBC}") = "Unity.AI.Navigation.Editor.Tests", "Unity.AI.Navigation.Editor.Tests.csproj", "{c13cb0e5-73a7-6611-8491-e4c9ba0f48d7}"
EndProject
Project("{FAE04EC0-301F-11D3-BF4B-00C04F79EFBC}") = "UnityEngine.UI.Tests", "UnityEngine.UI.Tests.csproj", "{c45df491-6351-50ef-d442-4c586b80b3be}"
EndProject
Project("{FAE04EC0-301F-11D3-BF4B-00C04F79EFBC}") = "Unity.TextMeshPro.Tests", "Unity.TextMeshPro.Tests.csproj", "{cf42d5d1-599c-e148-3ae5-57c2d6c9c823}"
EndProject
Project("{FAE04EC0-301F-11D3-BF4B-00C04F79EFBC}") = "UnityEditor.UI.EditorTests", "UnityEditor.UI.EditorTests.csproj", "{f4332d14-f3b0-d5e5-66bd-e8c606937930}"
EndProject
Project("{FAE04EC0-301F-11D3-BF4B-00C04F79EFBC}") = "Assembly-CSharp-Editor-firstpass", "Assembly-CSharp-Editor-firstpass.csproj", "{0edf200a-abc7-de54-4829-5907a38f5195}"
EndProject
Global
	GlobalSection(SolutionConfigurationPlatforms) = preSolution
		Debug|Any CPU = Debug|Any CPU
	EndGlobalSection
	GlobalSection(ProjectConfigurationPlatforms) = postSolution
		{2839f2d0-0b77-dde5-7e46-280c3ba6a771}.Debug|Any CPU.ActiveCfg = Debug|Any CPU
		{2839f2d0-0b77-dde5-7e46-280c3ba6a771}.Debug|Any CPU.Build.0 = Debug|Any CPU
		{10b9e6ac-646e-19fc-a88c-80f80828517c}.Debug|Any CPU.ActiveCfg = Debug|Any CPU
		{10b9e6ac-646e-19fc-a88c-80f80828517c}.Debug|Any CPU.Build.0 = Debug|Any CPU
		{cf3130a2-9d05-afd9-ed4b-e37d9888d0fb}.Debug|Any CPU.ActiveCfg = Debug|Any CPU
		{cf3130a2-9d05-afd9-ed4b-e37d9888d0fb}.Debug|Any CPU.Build.0 = Debug|Any CPU
		{0df982a8-56e4-29ec-f9ba-565fcc4902c0}.Debug|Any CPU.ActiveCfg = Debug|Any CPU
		{0df982a8-56e4-29ec-f9ba-565fcc4902c0}.Debug|Any CPU.Build.0 = Debug|Any CPU
		{b8395c9e-f04c-cc5a-5d9b-fb100d060464}.Debug|Any CPU.ActiveCfg = Debug|Any CPU
		{b8395c9e-f04c-cc5a-5d9b-fb100d060464}.Debug|Any CPU.Build.0 = Debug|Any CPU
		{7a49b065-af07-289a-5e2e-cfa36ebe3bf9}.Debug|Any CPU.ActiveCfg = Debug|Any CPU
		{7a49b065-af07-289a-5e2e-cfa36ebe3bf9}.Debug|Any CPU.Build.0 = Debug|Any CPU
		{3b3665d4-7e94-6dd8-b003-7a69e93dedd8}.Debug|Any CPU.ActiveCfg = Debug|Any CPU
		{3b3665d4-7e94-6dd8-b003-7a69e93dedd8}.Debug|Any CPU.Build.0 = Debug|Any CPU
		{898a5359-568a-05a9-c8ac-b61bd90b6811}.Debug|Any CPU.ActiveCfg = Debug|Any CPU
		{898a5359-568a-05a9-c8ac-b61bd90b6811}.Debug|Any CPU.Build.0 = Debug|Any CPU
		{ee78a8b9-d06f-8fc9-39d3-29f439bbb469}.Debug|Any CPU.ActiveCfg = Debug|Any CPU
		{ee78a8b9-d06f-8fc9-39d3-29f439bbb469}.Debug|Any CPU.Build.0 = Debug|Any CPU
		{b9fbd9c2-aeb6-711d-16ed-a5551e279d45}.Debug|Any CPU.ActiveCfg = Debug|Any CPU
		{b9fbd9c2-aeb6-711d-16ed-a5551e279d45}.Debug|Any CPU.Build.0 = Debug|Any CPU
		{1ad555b5-52b4-254d-a20f-94667eeb1393}.Debug|Any CPU.ActiveCfg = Debug|Any CPU
		{1ad555b5-52b4-254d-a20f-94667eeb1393}.Debug|Any CPU.Build.0 = Debug|Any CPU
		{e9d7e59e-d2c5-cae8-beb3-592d80892fb8}.Debug|Any CPU.ActiveCfg = Debug|Any CPU
		{e9d7e59e-d2c5-cae8-beb3-592d80892fb8}.Debug|Any CPU.Build.0 = Debug|Any CPU
		{9a4a0ebe-e0be-b736-a4f8-10a404fa1c5a}.Debug|Any CPU.ActiveCfg = Debug|Any CPU
		{9a4a0ebe-e0be-b736-a4f8-10a404fa1c5a}.Debug|Any CPU.Build.0 = Debug|Any CPU
		{9fcba564-889c-5f3c-9a25-edc548ba16c0}.Debug|Any CPU.ActiveCfg = Debug|Any CPU
		{9fcba564-889c-5f3c-9a25-edc548ba16c0}.Debug|Any CPU.Build.0 = Debug|Any CPU
		{56167cc8-b851-ed9c-0cdf-1519771cfd0d}.Debug|Any CPU.ActiveCfg = Debug|Any CPU
		{56167cc8-b851-ed9c-0cdf-1519771cfd0d}.Debug|Any CPU.Build.0 = Debug|Any CPU
		{375a2bc3-0d4d-662f-edfc-96764e814cfa}.Debug|Any CPU.ActiveCfg = Debug|Any CPU
		{375a2bc3-0d4d-662f-edfc-96764e814cfa}.Debug|Any CPU.Build.0 = Debug|Any CPU
		{5678e29c-9a84-beee-738a-7c7ad027934b}.Debug|Any CPU.ActiveCfg = Debug|Any CPU
		{5678e29c-9a84-beee-738a-7c7ad027934b}.Debug|Any CPU.Build.0 = Debug|Any CPU
		{015dfe74-eb01-3869-d045-8c94b11f5de4}.Debug|Any CPU.ActiveCfg = Debug|Any CPU
		{015dfe74-eb01-3869-d045-8c94b11f5de4}.Debug|Any CPU.Build.0 = Debug|Any CPU
		{86a25500-0dd1-ee82-54d5-23e2400b9c70}.Debug|Any CPU.ActiveCfg = Debug|Any CPU
		{86a25500-0dd1-ee82-54d5-23e2400b9c70}.Debug|Any CPU.Build.0 = Debug|Any CPU
		{6033048e-d7c7-1db0-fd68-8cd281ff768a}.Debug|Any CPU.ActiveCfg = Debug|Any CPU
		{6033048e-d7c7-1db0-fd68-8cd281ff768a}.Debug|Any CPU.Build.0 = Debug|Any CPU
		{aae4e12d-2bb4-70b7-a3e4-5a0ae1f288a8}.Debug|Any CPU.ActiveCfg = Debug|Any CPU
		{aae4e12d-2bb4-70b7-a3e4-5a0ae1f288a8}.Debug|Any CPU.Build.0 = Debug|Any CPU
		{63b45e21-e70b-ccfa-27e5-c5b04e09cf5c}.Debug|Any CPU.ActiveCfg = Debug|Any CPU
		{63b45e21-e70b-ccfa-27e5-c5b04e09cf5c}.Debug|Any CPU.Build.0 = Debug|Any CPU
		{bca0a5c1-9aa3-ae6d-23af-c90e81c4e496}.Debug|Any CPU.ActiveCfg = Debug|Any CPU
		{bca0a5c1-9aa3-ae6d-23af-c90e81c4e496}.Debug|Any CPU.Build.0 = Debug|Any CPU
		{3381abcb-048c-ec20-4bbd-0ab79c672a1a}.Debug|Any CPU.ActiveCfg = Debug|Any CPU
		{3381abcb-048c-ec20-4bbd-0ab79c672a1a}.Debug|Any CPU.Build.0 = Debug|Any CPU
		{60a6454a-4eab-a235-b465-f125839e1b55}.Debug|Any CPU.ActiveCfg = Debug|Any CPU
		{60a6454a-4eab-a235-b465-f125839e1b55}.Debug|Any CPU.Build.0 = Debug|Any CPU
		{22ca735b-1d3a-ff30-bece-8a25d292b962}.Debug|Any CPU.ActiveCfg = Debug|Any CPU
		{22ca735b-1d3a-ff30-bece-8a25d292b962}.Debug|Any CPU.Build.0 = Debug|Any CPU
		{3cb1166f-407e-33e9-f702-9b95036ee3f8}.Debug|Any CPU.ActiveCfg = Debug|Any CPU
		{3cb1166f-407e-33e9-f702-9b95036ee3f8}.Debug|Any CPU.Build.0 = Debug|Any CPU
		{dcce37f6-6b50-99eb-79e3-e507035be0de}.Debug|Any CPU.ActiveCfg = Debug|Any CPU
		{dcce37f6-6b50-99eb-79e3-e507035be0de}.Debug|Any CPU.Build.0 = Debug|Any CPU
		{3c8f8775-0624-3e70-0e58-de1d9ea8d437}.Debug|Any CPU.ActiveCfg = Debug|Any CPU
		{3c8f8775-0624-3e70-0e58-de1d9ea8d437}.Debug|Any CPU.Build.0 = Debug|Any CPU
		{6d647e50-076c-86ea-87ba-7f0ca6491a60}.Debug|Any CPU.ActiveCfg = Debug|Any CPU
		{6d647e50-076c-86ea-87ba-7f0ca6491a60}.Debug|Any CPU.Build.0 = Debug|Any CPU
		{84fce99c-a732-2a7c-210d-48c7573378e0}.Debug|Any CPU.ActiveCfg = Debug|Any CPU
		{84fce99c-a732-2a7c-210d-48c7573378e0}.Debug|Any CPU.Build.0 = Debug|Any CPU
		{29797d2f-5e69-59e6-9104-33d4c8e4ed79}.Debug|Any CPU.ActiveCfg = Debug|Any CPU
		{29797d2f-5e69-59e6-9104-33d4c8e4ed79}.Debug|Any CPU.Build.0 = Debug|Any CPU
		{6d3800ab-0598-acec-4bf2-293842745fee}.Debug|Any CPU.ActiveCfg = Debug|Any CPU
		{6d3800ab-0598-acec-4bf2-293842745fee}.Debug|Any CPU.Build.0 = Debug|Any CPU
		{93fc70c0-185c-afb8-f583-9a0e99acbc4c}.Debug|Any CPU.ActiveCfg = Debug|Any CPU
		{93fc70c0-185c-afb8-f583-9a0e99acbc4c}.Debug|Any CPU.Build.0 = Debug|Any CPU
		{4aeee592-1e5d-f1db-982a-7557fb0f8df1}.Debug|Any CPU.ActiveCfg = Debug|Any CPU
		{4aeee592-1e5d-f1db-982a-7557fb0f8df1}.Debug|Any CPU.Build.0 = Debug|Any CPU
		{c267cf4c-3306-423d-116a-ed4b373aeae8}.Debug|Any CPU.ActiveCfg = Debug|Any CPU
		{c267cf4c-3306-423d-116a-ed4b373aeae8}.Debug|Any CPU.Build.0 = Debug|Any CPU
		{01010bed-e53c-bd64-3d71-50f408d0e7ec}.Debug|Any CPU.ActiveCfg = Debug|Any CPU
		{01010bed-e53c-bd64-3d71-50f408d0e7ec}.Debug|Any CPU.Build.0 = Debug|Any CPU
		{ec6906ee-927e-6de1-cb2d-e1de40cfa8ef}.Debug|Any CPU.ActiveCfg = Debug|Any CPU
		{ec6906ee-927e-6de1-cb2d-e1de40cfa8ef}.Debug|Any CPU.Build.0 = Debug|Any CPU
		{5b6cc104-e8af-4539-c079-1df556231897}.Debug|Any CPU.ActiveCfg = Debug|Any CPU
		{5b6cc104-e8af-4539-c079-1df556231897}.Debug|Any CPU.Build.0 = Debug|Any CPU
		{2ed063c6-52c7-230c-0bb0-f89db33e2569}.Debug|Any CPU.ActiveCfg = Debug|Any CPU
		{2ed063c6-52c7-230c-0bb0-f89db33e2569}.Debug|Any CPU.Build.0 = Debug|Any CPU
		{4d6ae334-870a-f99d-137c-528f105c56b1}.Debug|Any CPU.ActiveCfg = Debug|Any CPU
		{4d6ae334-870a-f99d-137c-528f105c56b1}.Debug|Any CPU.Build.0 = Debug|Any CPU
		{3140bec0-693c-f8e9-77c2-5c63a2906661}.Debug|Any CPU.ActiveCfg = Debug|Any CPU
		{3140bec0-693c-f8e9-77c2-5c63a2906661}.Debug|Any CPU.Build.0 = Debug|Any CPU
		{263a0b4a-cc6a-e6c5-5ff7-79f94a8cade6}.Debug|Any CPU.ActiveCfg = Debug|Any CPU
		{263a0b4a-cc6a-e6c5-5ff7-79f94a8cade6}.Debug|Any CPU.Build.0 = Debug|Any CPU
		{2a251bb2-885e-ab43-8914-d5372142a82c}.Debug|Any CPU.ActiveCfg = Debug|Any CPU
		{2a251bb2-885e-ab43-8914-d5372142a82c}.Debug|Any CPU.Build.0 = Debug|Any CPU
		{281cd49d-7e3f-25f2-efb2-ac67236238ca}.Debug|Any CPU.ActiveCfg = Debug|Any CPU
		{281cd49d-7e3f-25f2-efb2-ac67236238ca}.Debug|Any CPU.Build.0 = Debug|Any CPU
		{30533842-8b2d-eeb7-61e6-09edcab9e9ea}.Debug|Any CPU.ActiveCfg = Debug|Any CPU
		{30533842-8b2d-eeb7-61e6-09edcab9e9ea}.Debug|Any CPU.Build.0 = Debug|Any CPU
		{830ec52b-b913-393b-1384-517338f11f7f}.Debug|Any CPU.ActiveCfg = Debug|Any CPU
		{830ec52b-b913-393b-1384-517338f11f7f}.Debug|Any CPU.Build.0 = Debug|Any CPU
		{8e739288-e19c-447e-2195-314b2f915cdc}.Debug|Any CPU.ActiveCfg = Debug|Any CPU
		{8e739288-e19c-447e-2195-314b2f915cdc}.Debug|Any CPU.Build.0 = Debug|Any CPU
		{6547714a-c23e-fbb4-5c99-68e1b6895067}.Debug|Any CPU.ActiveCfg = Debug|Any CPU
		{6547714a-c23e-fbb4-5c99-68e1b6895067}.Debug|Any CPU.Build.0 = Debug|Any CPU
		{1e79b935-18c5-b708-dc61-e1e2a4c0bd87}.Debug|Any CPU.ActiveCfg = Debug|Any CPU
		{1e79b935-18c5-b708-dc61-e1e2a4c0bd87}.Debug|Any CPU.Build.0 = Debug|Any CPU
		{533fea39-3010-8db7-c95d-3da10a2de00f}.Debug|Any CPU.ActiveCfg = Debug|Any CPU
		{533fea39-3010-8db7-c95d-3da10a2de00f}.Debug|Any CPU.Build.0 = Debug|Any CPU
		{38f6853d-aca1-0b7e-e3b2-204ffc87e78a}.Debug|Any CPU.ActiveCfg = Debug|Any CPU
		{38f6853d-aca1-0b7e-e3b2-204ffc87e78a}.Debug|Any CPU.Build.0 = Debug|Any CPU
		{36b4069e-589e-be49-cbe3-6cf7a9800e16}.Debug|Any CPU.ActiveCfg = Debug|Any CPU
		{36b4069e-589e-be49-cbe3-6cf7a9800e16}.Debug|Any CPU.Build.0 = Debug|Any CPU
		{5481c920-7368-a423-dd4c-df149054d758}.Debug|Any CPU.ActiveCfg = Debug|Any CPU
		{5481c920-7368-a423-dd4c-df149054d758}.Debug|Any CPU.Build.0 = Debug|Any CPU
		{e5873e21-22dc-bd25-505d-1c1f744e9c83}.Debug|Any CPU.ActiveCfg = Debug|Any CPU
		{e5873e21-22dc-bd25-505d-1c1f744e9c83}.Debug|Any CPU.Build.0 = Debug|Any CPU
		{1573aeeb-9c0e-f5bc-9411-d49f1562df1b}.Debug|Any CPU.ActiveCfg = Debug|Any CPU
		{1573aeeb-9c0e-f5bc-9411-d49f1562df1b}.Debug|Any CPU.Build.0 = Debug|Any CPU
		{056781bb-4317-10ca-03f7-5c49adaebb4f}.Debug|Any CPU.ActiveCfg = Debug|Any CPU
		{056781bb-4317-10ca-03f7-5c49adaebb4f}.Debug|Any CPU.Build.0 = Debug|Any CPU
		{c724166d-d5b2-cfba-8ab6-de23210aee75}.Debug|Any CPU.ActiveCfg = Debug|Any CPU
		{c724166d-d5b2-cfba-8ab6-de23210aee75}.Debug|Any CPU.Build.0 = Debug|Any CPU
		{5ea347b0-81ae-6dbc-1c46-74ef75011da6}.Debug|Any CPU.ActiveCfg = Debug|Any CPU
		{5ea347b0-81ae-6dbc-1c46-74ef75011da6}.Debug|Any CPU.Build.0 = Debug|Any CPU
		{49a47da2-d0a1-f476-fc5c-b4b65eca73f5}.Debug|Any CPU.ActiveCfg = Debug|Any CPU
		{49a47da2-d0a1-f476-fc5c-b4b65eca73f5}.Debug|Any CPU.Build.0 = Debug|Any CPU
		{09b640ae-6794-a7f4-3417-8b355751746d}.Debug|Any CPU.ActiveCfg = Debug|Any CPU
		{09b640ae-6794-a7f4-3417-8b355751746d}.Debug|Any CPU.Build.0 = Debug|Any CPU
		{18edc6bd-95ab-fbc0-ac1c-015e44a73798}.Debug|Any CPU.ActiveCfg = Debug|Any CPU
		{18edc6bd-95ab-fbc0-ac1c-015e44a73798}.Debug|Any CPU.Build.0 = Debug|Any CPU
		{a31c00be-c1fb-0c0b-2db1-6d88cf1cdd7a}.Debug|Any CPU.ActiveCfg = Debug|Any CPU
		{a31c00be-c1fb-0c0b-2db1-6d88cf1cdd7a}.Debug|Any CPU.Build.0 = Debug|Any CPU
		{159ecb1a-e4e6-c4eb-d3dd-340cb03391c6}.Debug|Any CPU.ActiveCfg = Debug|Any CPU
		{159ecb1a-e4e6-c4eb-d3dd-340cb03391c6}.Debug|Any CPU.Build.0 = Debug|Any CPU
		{c13cb0e5-73a7-6611-8491-e4c9ba0f48d7}.Debug|Any CPU.ActiveCfg = Debug|Any CPU
		{c13cb0e5-73a7-6611-8491-e4c9ba0f48d7}.Debug|Any CPU.Build.0 = Debug|Any CPU
		{c45df491-6351-50ef-d442-4c586b80b3be}.Debug|Any CPU.ActiveCfg = Debug|Any CPU
		{c45df491-6351-50ef-d442-4c586b80b3be}.Debug|Any CPU.Build.0 = Debug|Any CPU
		{cf42d5d1-599c-e148-3ae5-57c2d6c9c823}.Debug|Any CPU.ActiveCfg = Debug|Any CPU
		{cf42d5d1-599c-e148-3ae5-57c2d6c9c823}.Debug|Any CPU.Build.0 = Debug|Any CPU
		{f4332d14-f3b0-d5e5-66bd-e8c606937930}.Debug|Any CPU.ActiveCfg = Debug|Any CPU
		{f4332d14-f3b0-d5e5-66bd-e8c606937930}.Debug|Any CPU.Build.0 = Debug|Any CPU
		{0edf200a-abc7-de54-4829-5907a38f5195}.Debug|Any CPU.ActiveCfg = Debug|Any CPU
		{0edf200a-abc7-de54-4829-5907a38f5195}.Debug|Any CPU.Build.0 = Debug|Any CPU
	EndGlobalSection
	GlobalSection(SolutionProperties) = preSolution
		HideSolutionNode = FALSE
	EndGlobalSection
EndGlobal
